// !$*UTF8*$!
{
	archiveVersion = 1;
	classes = {
	};
	objectVersion = 56;
	objects = {

/* Begin PBXBuildFile section */
		E65CC52E2D79827E00010AAD /* ProfileCoordinator.swift in Sources */ = {isa = PBXBuildFile; fileRef = E65CC52D2D79827E00010AAD /* ProfileCoordinator.swift */; };
		E65CC5302D79828A00010AAD /* MainCoordinator.swift in Sources */ = {isa = PBXBuildFile; fileRef = E65CC52F2D79828A00010AAD /* MainCoordinator.swift */; };
		E65CC5322D79829900010AAD /* ProfileViewModel.swift in Sources */ = {isa = PBXBuildFile; fileRef = E65CC5312D79829900010AAD /* ProfileViewModel.swift */; };
		E65CC5342D7982A300010AAD /* ProfileViewController.swift in Sources */ = {isa = PBXBuildFile; fileRef = E65CC5332D7982A300010AAD /* ProfileViewController.swift */; };
		E65CC5362D798DA600010AAD /* SignUpViewModel.swift in Sources */ = {isa = PBXBuildFile; fileRef = E65CC5352D798DA600010AAD /* SignUpViewModel.swift */; };
		E65CC5382D798DBC00010AAD /* SignUpViewController.swift in Sources */ = {isa = PBXBuildFile; fileRef = E65CC5372D798DBC00010AAD /* SignUpViewController.swift */; };
		E65CC53A2D79AD6400010AAD /* SignInCoordinator.swift in Sources */ = {isa = PBXBuildFile; fileRef = E65CC5392D79AD6400010AAD /* SignInCoordinator.swift */; };
		E65CC53C2D79AD6F00010AAD /* SignUpCoordinator.swift in Sources */ = {isa = PBXBuildFile; fileRef = E65CC53B2D79AD6F00010AAD /* SignUpCoordinator.swift */; };
		E65CC53E2D79B60000010AAD /* AuthService.swift in Sources */ = {isa = PBXBuildFile; fileRef = E65CC53D2D79B60000010AAD /* AuthService.swift */; };
		E65CC5422D7A23B500010AAD /* RegisterCredentials.swift in Sources */ = {isa = PBXBuildFile; fileRef = E65CC5412D7A23B500010AAD /* RegisterCredentials.swift */; };
		E65CC5442D7A247F00010AAD /* UserRegisterModel.swift in Sources */ = {isa = PBXBuildFile; fileRef = E65CC5432D7A247F00010AAD /* UserRegisterModel.swift */; };
		E65CC5462D7AB66E00010AAD /* UIView + ext.swift in Sources */ = {isa = PBXBuildFile; fileRef = E65CC5452D7AB66E00010AAD /* UIView + ext.swift */; };
		E67992652D797070009C33CC /* AuthCoordinator.swift in Sources */ = {isa = PBXBuildFile; fileRef = E67992642D797070009C33CC /* AuthCoordinator.swift */; };
		E6B85EF92D6C530C00B453BA /* AppDelegate.swift in Sources */ = {isa = PBXBuildFile; fileRef = E6B85EF82D6C530C00B453BA /* AppDelegate.swift */; };
		E6B85EFB2D6C530C00B453BA /* SceneDelegate.swift in Sources */ = {isa = PBXBuildFile; fileRef = E6B85EFA2D6C530C00B453BA /* SceneDelegate.swift */; };
		E6B85F022D6C530E00B453BA /* Assets.xcassets in Resources */ = {isa = PBXBuildFile; fileRef = E6B85F012D6C530E00B453BA /* Assets.xcassets */; };
		E6B85F052D6C530E00B453BA /* Base in Resources */ = {isa = PBXBuildFile; fileRef = E6B85F042D6C530E00B453BA /* Base */; };
		E6B85F0E2D6C5D2B00B453BA /* SnapKit in Frameworks */ = {isa = PBXBuildFile; productRef = E6B85F0D2D6C5D2B00B453BA /* SnapKit */; };
		E6B85F102D6C5D5600B453BA /* Coordinator.swift in Sources */ = {isa = PBXBuildFile; fileRef = E6B85F0F2D6C5D5600B453BA /* Coordinator.swift */; };
		E6B85F122D6C5D6200B453BA /* RootCoordinator.swift in Sources */ = {isa = PBXBuildFile; fileRef = E6B85F112D6C5D6200B453BA /* RootCoordinator.swift */; };
		E6B85F162D6C5D8800B453BA /* MainTabBarCoordinator.swift in Sources */ = {isa = PBXBuildFile; fileRef = E6B85F152D6C5D8800B453BA /* MainTabBarCoordinator.swift */; };
		E6B85F1F2D6C618B00B453BA /* MainViewModel.swift in Sources */ = {isa = PBXBuildFile; fileRef = E6B85F1E2D6C618B00B453BA /* MainViewModel.swift */; };
		E6B85F212D6C619A00B453BA /* MainViewController.swift in Sources */ = {isa = PBXBuildFile; fileRef = E6B85F202D6C619A00B453BA /* MainViewController.swift */; };
		E6B85F252D6C6EDA00B453BA /* LoginCredentials.swift in Sources */ = {isa = PBXBuildFile; fileRef = E6B85F242D6C6EDA00B453BA /* LoginCredentials.swift */; };
		E6B85F282D6C701600B453BA /* SignInViewController.swift in Sources */ = {isa = PBXBuildFile; fileRef = E6B85F272D6C701600B453BA /* SignInViewController.swift */; };
		E6B85F2A2D6C705800B453BA /* SignInViewModel.swift in Sources */ = {isa = PBXBuildFile; fileRef = E6B85F292D6C705800B453BA /* SignInViewModel.swift */; };
		E6B85F2C2D6C70F300B453BA /* LoginCredentialsRequestModel.swift in Sources */ = {isa = PBXBuildFile; fileRef = E6B85F2B2D6C70F300B453BA /* LoginCredentialsRequestModel.swift */; };
		E6B85F2F2D6C718800B453BA /* CustomButton.swift in Sources */ = {isa = PBXBuildFile; fileRef = E6B85F2E2D6C718800B453BA /* CustomButton.swift */; };
		E6B85F312D6C723A00B453BA /* CustomTextField.swift in Sources */ = {isa = PBXBuildFile; fileRef = E6B85F302D6C723A00B453BA /* CustomTextField.swift */; };
/* End PBXBuildFile section */

/* Begin PBXFileReference section */
		E65CC52D2D79827E00010AAD /* ProfileCoordinator.swift */ = {isa = PBXFileReference; lastKnownFileType = sourcecode.swift; path = ProfileCoordinator.swift; sourceTree = "<group>"; };
		E65CC52F2D79828A00010AAD /* MainCoordinator.swift */ = {isa = PBXFileReference; lastKnownFileType = sourcecode.swift; path = MainCoordinator.swift; sourceTree = "<group>"; };
		E65CC5312D79829900010AAD /* ProfileViewModel.swift */ = {isa = PBXFileReference; lastKnownFileType = sourcecode.swift; path = ProfileViewModel.swift; sourceTree = "<group>"; };
		E65CC5332D7982A300010AAD /* ProfileViewController.swift */ = {isa = PBXFileReference; lastKnownFileType = sourcecode.swift; path = ProfileViewController.swift; sourceTree = "<group>"; };
		E65CC5352D798DA600010AAD /* SignUpViewModel.swift */ = {isa = PBXFileReference; lastKnownFileType = sourcecode.swift; path = SignUpViewModel.swift; sourceTree = "<group>"; };
		E65CC5372D798DBC00010AAD /* SignUpViewController.swift */ = {isa = PBXFileReference; lastKnownFileType = sourcecode.swift; path = SignUpViewController.swift; sourceTree = "<group>"; };
		E65CC5392D79AD6400010AAD /* SignInCoordinator.swift */ = {isa = PBXFileReference; lastKnownFileType = sourcecode.swift; path = SignInCoordinator.swift; sourceTree = "<group>"; };
		E65CC53B2D79AD6F00010AAD /* SignUpCoordinator.swift */ = {isa = PBXFileReference; lastKnownFileType = sourcecode.swift; path = SignUpCoordinator.swift; sourceTree = "<group>"; };
		E65CC53D2D79B60000010AAD /* AuthService.swift */ = {isa = PBXFileReference; lastKnownFileType = sourcecode.swift; path = AuthService.swift; sourceTree = "<group>"; };
		E65CC5412D7A23B500010AAD /* RegisterCredentials.swift */ = {isa = PBXFileReference; lastKnownFileType = sourcecode.swift; path = RegisterCredentials.swift; sourceTree = "<group>"; };
		E65CC5432D7A247F00010AAD /* UserRegisterModel.swift */ = {isa = PBXFileReference; lastKnownFileType = sourcecode.swift; path = UserRegisterModel.swift; sourceTree = "<group>"; };
		E65CC5452D7AB66E00010AAD /* UIView + ext.swift */ = {isa = PBXFileReference; lastKnownFileType = sourcecode.swift; path = "UIView + ext.swift"; sourceTree = "<group>"; };
		E67992642D797070009C33CC /* AuthCoordinator.swift */ = {isa = PBXFileReference; lastKnownFileType = sourcecode.swift; path = AuthCoordinator.swift; sourceTree = "<group>"; };
		E6B85EF52D6C530C00B453BA /* TSUPassTracker.app */ = {isa = PBXFileReference; explicitFileType = wrapper.application; includeInIndex = 0; path = TSUPassTracker.app; sourceTree = BUILT_PRODUCTS_DIR; };
		E6B85EF82D6C530C00B453BA /* AppDelegate.swift */ = {isa = PBXFileReference; lastKnownFileType = sourcecode.swift; path = AppDelegate.swift; sourceTree = "<group>"; };
		E6B85EFA2D6C530C00B453BA /* SceneDelegate.swift */ = {isa = PBXFileReference; lastKnownFileType = sourcecode.swift; path = SceneDelegate.swift; sourceTree = "<group>"; };
		E6B85F012D6C530E00B453BA /* Assets.xcassets */ = {isa = PBXFileReference; lastKnownFileType = folder.assetcatalog; path = Assets.xcassets; sourceTree = "<group>"; };
		E6B85F042D6C530E00B453BA /* Base */ = {isa = PBXFileReference; lastKnownFileType = file.storyboard; name = Base; path = Base.lproj/LaunchScreen.storyboard; sourceTree = "<group>"; };
		E6B85F062D6C530E00B453BA /* Info.plist */ = {isa = PBXFileReference; lastKnownFileType = text.plist.xml; path = Info.plist; sourceTree = "<group>"; };
		E6B85F0F2D6C5D5600B453BA /* Coordinator.swift */ = {isa = PBXFileReference; lastKnownFileType = sourcecode.swift; path = Coordinator.swift; sourceTree = "<group>"; };
		E6B85F112D6C5D6200B453BA /* RootCoordinator.swift */ = {isa = PBXFileReference; lastKnownFileType = sourcecode.swift; path = RootCoordinator.swift; sourceTree = "<group>"; };
		E6B85F152D6C5D8800B453BA /* MainTabBarCoordinator.swift */ = {isa = PBXFileReference; lastKnownFileType = sourcecode.swift; path = MainTabBarCoordinator.swift; sourceTree = "<group>"; };
		E6B85F1E2D6C618B00B453BA /* MainViewModel.swift */ = {isa = PBXFileReference; lastKnownFileType = sourcecode.swift; path = MainViewModel.swift; sourceTree = "<group>"; };
		E6B85F202D6C619A00B453BA /* MainViewController.swift */ = {isa = PBXFileReference; lastKnownFileType = sourcecode.swift; path = MainViewController.swift; sourceTree = "<group>"; };
		E6B85F242D6C6EDA00B453BA /* LoginCredentials.swift */ = {isa = PBXFileReference; lastKnownFileType = sourcecode.swift; path = LoginCredentials.swift; sourceTree = "<group>"; };
		E6B85F272D6C701600B453BA /* SignInViewController.swift */ = {isa = PBXFileReference; lastKnownFileType = sourcecode.swift; path = SignInViewController.swift; sourceTree = "<group>"; };
		E6B85F292D6C705800B453BA /* SignInViewModel.swift */ = {isa = PBXFileReference; lastKnownFileType = sourcecode.swift; path = SignInViewModel.swift; sourceTree = "<group>"; };
		E6B85F2B2D6C70F300B453BA /* LoginCredentialsRequestModel.swift */ = {isa = PBXFileReference; lastKnownFileType = sourcecode.swift; path = LoginCredentialsRequestModel.swift; sourceTree = "<group>"; };
		E6B85F2E2D6C718800B453BA /* CustomButton.swift */ = {isa = PBXFileReference; lastKnownFileType = sourcecode.swift; path = CustomButton.swift; sourceTree = "<group>"; };
		E6B85F302D6C723A00B453BA /* CustomTextField.swift */ = {isa = PBXFileReference; lastKnownFileType = sourcecode.swift; path = CustomTextField.swift; sourceTree = "<group>"; };
/* End PBXFileReference section */

/* Begin PBXFrameworksBuildPhase section */
		E6B85EF22D6C530C00B453BA /* Frameworks */ = {
			isa = PBXFrameworksBuildPhase;
			buildActionMask = 2147483647;
			files = (
				E6B85F0E2D6C5D2B00B453BA /* SnapKit in Frameworks */,
			);
			runOnlyForDeploymentPostprocessing = 0;
		};
/* End PBXFrameworksBuildPhase section */

/* Begin PBXGroup section */
		E65CC52C2D79823E00010AAD /* ProfileScreen */ = {
			isa = PBXGroup;
			children = (
				E65CC5312D79829900010AAD /* ProfileViewModel.swift */,
				E65CC5332D7982A300010AAD /* ProfileViewController.swift */,
				E65CC52D2D79827E00010AAD /* ProfileCoordinator.swift */,
			);
			path = ProfileScreen;
			sourceTree = "<group>";
		};
		E65CC53F2D7A236B00010AAD /* Entities */ = {
			isa = PBXGroup;
			children = (
				E6B85F242D6C6EDA00B453BA /* LoginCredentials.swift */,
				E65CC5412D7A23B500010AAD /* RegisterCredentials.swift */,
			);
			path = Entities;
			sourceTree = "<group>";
		};
		E65CC5402D7A237000010AAD /* Domain */ = {
			isa = PBXGroup;
			children = (
				E65CC53F2D7A236B00010AAD /* Entities */,
			);
			path = Domain;
			sourceTree = "<group>";
		};
		E67992602D796FC3009C33CC /* Modules */ = {
			isa = PBXGroup;
			children = (
				E6B85F1C2D6C5E2D00B453BA /* Coordinator */,
				E6B85F262D6C700600B453BA /* Auth */,
				E6B85F1D2D6C5E3F00B453BA /* Main */,
			);
			path = Modules;
			sourceTree = "<group>";
		};
		E67992612D796FF8009C33CC /* MainScreen */ = {
			isa = PBXGroup;
			children = (
				E6B85F1E2D6C618B00B453BA /* MainViewModel.swift */,
				E6B85F202D6C619A00B453BA /* MainViewController.swift */,
				E65CC52F2D79828A00010AAD /* MainCoordinator.swift */,
			);
			path = MainScreen;
			sourceTree = "<group>";
		};
		E67992622D797037009C33CC /* SignInScreen */ = {
			isa = PBXGroup;
			children = (
				E6B85F292D6C705800B453BA /* SignInViewModel.swift */,
				E6B85F272D6C701600B453BA /* SignInViewController.swift */,
				E65CC5392D79AD6400010AAD /* SignInCoordinator.swift */,
			);
			path = SignInScreen;
			sourceTree = "<group>";
		};
		E67992632D79705D009C33CC /* SignUpScreen */ = {
			isa = PBXGroup;
			children = (
				E65CC5352D798DA600010AAD /* SignUpViewModel.swift */,
				E65CC5372D798DBC00010AAD /* SignUpViewController.swift */,
				E65CC53B2D79AD6F00010AAD /* SignUpCoordinator.swift */,
			);
			path = SignUpScreen;
			sourceTree = "<group>";
		};
		E6B85EEC2D6C530C00B453BA = {
			isa = PBXGroup;
			children = (
				E6B85EF72D6C530C00B453BA /* TSUPassTracker */,
				E6B85EF62D6C530C00B453BA /* Products */,
			);
			sourceTree = "<group>";
		};
		E6B85EF62D6C530C00B453BA /* Products */ = {
			isa = PBXGroup;
			children = (
				E6B85EF52D6C530C00B453BA /* TSUPassTracker.app */,
			);
			name = Products;
			sourceTree = "<group>";
		};
		E6B85EF72D6C530C00B453BA /* TSUPassTracker */ = {
			isa = PBXGroup;
			children = (
				E65CC5402D7A237000010AAD /* Domain */,
				E67992602D796FC3009C33CC /* Modules */,
				E6B85F322D6C7C4E00B453BA /* Models */,
				E6B85F2D2D6C716900B453BA /* Components */,
				E6B85EF82D6C530C00B453BA /* AppDelegate.swift */,
				E6B85EFA2D6C530C00B453BA /* SceneDelegate.swift */,
				E6B85F012D6C530E00B453BA /* Assets.xcassets */,
				E6B85F032D6C530E00B453BA /* LaunchScreen.storyboard */,
				E6B85F062D6C530E00B453BA /* Info.plist */,
				E65CC5452D7AB66E00010AAD /* UIView + ext.swift */,
			);
			path = TSUPassTracker;
			sourceTree = "<group>";
		};
		E6B85F1C2D6C5E2D00B453BA /* Coordinator */ = {
			isa = PBXGroup;
			children = (
				E6B85F0F2D6C5D5600B453BA /* Coordinator.swift */,
				E6B85F112D6C5D6200B453BA /* RootCoordinator.swift */,
				E65CC53D2D79B60000010AAD /* AuthService.swift */,
			);
			path = Coordinator;
			sourceTree = "<group>";
		};
		E6B85F1D2D6C5E3F00B453BA /* Main */ = {
			isa = PBXGroup;
			children = (
				E67992612D796FF8009C33CC /* MainScreen */,
				E65CC52C2D79823E00010AAD /* ProfileScreen */,
				E6B85F152D6C5D8800B453BA /* MainTabBarCoordinator.swift */,
			);
			path = Main;
			sourceTree = "<group>";
		};
		E6B85F262D6C700600B453BA /* Auth */ = {
			isa = PBXGroup;
			children = (
				E67992632D79705D009C33CC /* SignUpScreen */,
				E67992622D797037009C33CC /* SignInScreen */,
				E67992642D797070009C33CC /* AuthCoordinator.swift */,
			);
			path = Auth;
			sourceTree = "<group>";
		};
		E6B85F2D2D6C716900B453BA /* Components */ = {
			isa = PBXGroup;
			children = (
				E6B85F2E2D6C718800B453BA /* CustomButton.swift */,
				E6B85F302D6C723A00B453BA /* CustomTextField.swift */,
			);
			path = Components;
			sourceTree = "<group>";
		};
		E6B85F322D6C7C4E00B453BA /* Models */ = {
			isa = PBXGroup;
			children = (
				E6B85F2B2D6C70F300B453BA /* LoginCredentialsRequestModel.swift */,
				E65CC5432D7A247F00010AAD /* UserRegisterModel.swift */,
			);
			path = Models;
			sourceTree = "<group>";
		};
/* End PBXGroup section */

/* Begin PBXNativeTarget section */
		E6B85EF42D6C530C00B453BA /* TSUPassTracker */ = {
			isa = PBXNativeTarget;
			buildConfigurationList = E6B85F092D6C530E00B453BA /* Build configuration list for PBXNativeTarget "TSUPassTracker" */;
			buildPhases = (
				E6B85EF12D6C530C00B453BA /* Sources */,
				E6B85EF22D6C530C00B453BA /* Frameworks */,
				E6B85EF32D6C530C00B453BA /* Resources */,
			);
			buildRules = (
			);
			dependencies = (
			);
			name = TSUPassTracker;
			packageProductDependencies = (
				E6B85F0D2D6C5D2B00B453BA /* SnapKit */,
			);
			productName = TSUPassTracker;
			productReference = E6B85EF52D6C530C00B453BA /* TSUPassTracker.app */;
			productType = "com.apple.product-type.application";
		};
/* End PBXNativeTarget section */

/* Begin PBXProject section */
		E6B85EED2D6C530C00B453BA /* Project object */ = {
			isa = PBXProject;
			attributes = {
				BuildIndependentTargetsInParallel = 1;
				LastSwiftUpdateCheck = 1540;
				LastUpgradeCheck = 1540;
				TargetAttributes = {
					E6B85EF42D6C530C00B453BA = {
						CreatedOnToolsVersion = 15.4;
					};
				};
			};
			buildConfigurationList = E6B85EF02D6C530C00B453BA /* Build configuration list for PBXProject "TSUPassTracker" */;
			compatibilityVersion = "Xcode 14.0";
			developmentRegion = en;
			hasScannedForEncodings = 0;
			knownRegions = (
				en,
				Base,
			);
			mainGroup = E6B85EEC2D6C530C00B453BA;
			packageReferences = (
				E6B85F0C2D6C5D2B00B453BA /* XCRemoteSwiftPackageReference "SnapKit" */,
			);
			productRefGroup = E6B85EF62D6C530C00B453BA /* Products */;
			projectDirPath = "";
			projectRoot = "";
			targets = (
				E6B85EF42D6C530C00B453BA /* TSUPassTracker */,
			);
		};
/* End PBXProject section */

/* Begin PBXResourcesBuildPhase section */
		E6B85EF32D6C530C00B453BA /* Resources */ = {
			isa = PBXResourcesBuildPhase;
			buildActionMask = 2147483647;
			files = (
				E6B85F022D6C530E00B453BA /* Assets.xcassets in Resources */,
				E6B85F052D6C530E00B453BA /* Base in Resources */,
			);
			runOnlyForDeploymentPostprocessing = 0;
		};
/* End PBXResourcesBuildPhase section */

/* Begin PBXSourcesBuildPhase section */
		E6B85EF12D6C530C00B453BA /* Sources */ = {
			isa = PBXSourcesBuildPhase;
			buildActionMask = 2147483647;
			files = (
				E65CC5462D7AB66E00010AAD /* UIView + ext.swift in Sources */,
				E6B85F162D6C5D8800B453BA /* MainTabBarCoordinator.swift in Sources */,
				E65CC53E2D79B60000010AAD /* AuthService.swift in Sources */,
				E6B85F2C2D6C70F300B453BA /* LoginCredentialsRequestModel.swift in Sources */,
				E6B85EF92D6C530C00B453BA /* AppDelegate.swift in Sources */,
				E65CC5302D79828A00010AAD /* MainCoordinator.swift in Sources */,
				E65CC53A2D79AD6400010AAD /* SignInCoordinator.swift in Sources */,
				E6B85F312D6C723A00B453BA /* CustomTextField.swift in Sources */,
				E65CC5362D798DA600010AAD /* SignUpViewModel.swift in Sources */,
				E67992652D797070009C33CC /* AuthCoordinator.swift in Sources */,
				E65CC5342D7982A300010AAD /* ProfileViewController.swift in Sources */,
				E6B85F122D6C5D6200B453BA /* RootCoordinator.swift in Sources */,
				E6B85F2A2D6C705800B453BA /* SignInViewModel.swift in Sources */,
				E6B85EFB2D6C530C00B453BA /* SceneDelegate.swift in Sources */,
				E65CC5442D7A247F00010AAD /* UserRegisterModel.swift in Sources */,
				E6B85F102D6C5D5600B453BA /* Coordinator.swift in Sources */,
				E6B85F282D6C701600B453BA /* SignInViewController.swift in Sources */,
				E65CC5422D7A23B500010AAD /* RegisterCredentials.swift in Sources */,
				E6B85F1F2D6C618B00B453BA /* MainViewModel.swift in Sources */,
				E65CC5382D798DBC00010AAD /* SignUpViewController.swift in Sources */,
				E6B85F252D6C6EDA00B453BA /* LoginCredentials.swift in Sources */,
				E65CC5322D79829900010AAD /* ProfileViewModel.swift in Sources */,
				E65CC53C2D79AD6F00010AAD /* SignUpCoordinator.swift in Sources */,
				E65CC52E2D79827E00010AAD /* ProfileCoordinator.swift in Sources */,
				E6B85F212D6C619A00B453BA /* MainViewController.swift in Sources */,
				E6B85F2F2D6C718800B453BA /* CustomButton.swift in Sources */,
			);
			runOnlyForDeploymentPostprocessing = 0;
		};
/* End PBXSourcesBuildPhase section */

/* Begin PBXVariantGroup section */
		E6B85F032D6C530E00B453BA /* LaunchScreen.storyboard */ = {
			isa = PBXVariantGroup;
			children = (
				E6B85F042D6C530E00B453BA /* Base */,
			);
			name = LaunchScreen.storyboard;
			sourceTree = "<group>";
		};
/* End PBXVariantGroup section */

/* Begin XCBuildConfiguration section */
		E6B85F072D6C530E00B453BA /* Debug */ = {
			isa = XCBuildConfiguration;
			buildSettings = {
				ALWAYS_SEARCH_USER_PATHS = NO;
				ASSETCATALOG_COMPILER_GENERATE_SWIFT_ASSET_SYMBOL_EXTENSIONS = YES;
				CLANG_ANALYZER_NONNULL = YES;
				CLANG_ANALYZER_NUMBER_OBJECT_CONVERSION = YES_AGGRESSIVE;
				CLANG_CXX_LANGUAGE_STANDARD = "gnu++20";
				CLANG_ENABLE_MODULES = YES;
				CLANG_ENABLE_OBJC_ARC = YES;
				CLANG_ENABLE_OBJC_WEAK = YES;
				CLANG_WARN_BLOCK_CAPTURE_AUTORELEASING = YES;
				CLANG_WARN_BOOL_CONVERSION = YES;
				CLANG_WARN_COMMA = YES;
				CLANG_WARN_CONSTANT_CONVERSION = YES;
				CLANG_WARN_DEPRECATED_OBJC_IMPLEMENTATIONS = YES;
				CLANG_WARN_DIRECT_OBJC_ISA_USAGE = YES_ERROR;
				CLANG_WARN_DOCUMENTATION_COMMENTS = YES;
				CLANG_WARN_EMPTY_BODY = YES;
				CLANG_WARN_ENUM_CONVERSION = YES;
				CLANG_WARN_INFINITE_RECURSION = YES;
				CLANG_WARN_INT_CONVERSION = YES;
				CLANG_WARN_NON_LITERAL_NULL_CONVERSION = YES;
				CLANG_WARN_OBJC_IMPLICIT_RETAIN_SELF = YES;
				CLANG_WARN_OBJC_LITERAL_CONVERSION = YES;
				CLANG_WARN_OBJC_ROOT_CLASS = YES_ERROR;
				CLANG_WARN_QUOTED_INCLUDE_IN_FRAMEWORK_HEADER = YES;
				CLANG_WARN_RANGE_LOOP_ANALYSIS = YES;
				CLANG_WARN_STRICT_PROTOTYPES = YES;
				CLANG_WARN_SUSPICIOUS_MOVE = YES;
				CLANG_WARN_UNGUARDED_AVAILABILITY = YES_AGGRESSIVE;
				CLANG_WARN_UNREACHABLE_CODE = YES;
				CLANG_WARN__DUPLICATE_METHOD_MATCH = YES;
				COPY_PHASE_STRIP = NO;
				DEBUG_INFORMATION_FORMAT = dwarf;
				ENABLE_STRICT_OBJC_MSGSEND = YES;
				ENABLE_TESTABILITY = YES;
				ENABLE_USER_SCRIPT_SANDBOXING = YES;
				GCC_C_LANGUAGE_STANDARD = gnu17;
				GCC_DYNAMIC_NO_PIC = NO;
				GCC_NO_COMMON_BLOCKS = YES;
				GCC_OPTIMIZATION_LEVEL = 0;
				GCC_PREPROCESSOR_DEFINITIONS = (
					"DEBUG=1",
					"$(inherited)",
				);
				GCC_WARN_64_TO_32_BIT_CONVERSION = YES;
				GCC_WARN_ABOUT_RETURN_TYPE = YES_ERROR;
				GCC_WARN_UNDECLARED_SELECTOR = YES;
				GCC_WARN_UNINITIALIZED_AUTOS = YES_AGGRESSIVE;
				GCC_WARN_UNUSED_FUNCTION = YES;
				GCC_WARN_UNUSED_VARIABLE = YES;
				IPHONEOS_DEPLOYMENT_TARGET = 17.5;
				LOCALIZATION_PREFERS_STRING_CATALOGS = YES;
				MTL_ENABLE_DEBUG_INFO = INCLUDE_SOURCE;
				MTL_FAST_MATH = YES;
				ONLY_ACTIVE_ARCH = YES;
				SDKROOT = iphoneos;
				SWIFT_ACTIVE_COMPILATION_CONDITIONS = "DEBUG $(inherited)";
				SWIFT_OPTIMIZATION_LEVEL = "-Onone";
			};
			name = Debug;
		};
		E6B85F082D6C530E00B453BA /* Release */ = {
			isa = XCBuildConfiguration;
			buildSettings = {
				ALWAYS_SEARCH_USER_PATHS = NO;
				ASSETCATALOG_COMPILER_GENERATE_SWIFT_ASSET_SYMBOL_EXTENSIONS = YES;
				CLANG_ANALYZER_NONNULL = YES;
				CLANG_ANALYZER_NUMBER_OBJECT_CONVERSION = YES_AGGRESSIVE;
				CLANG_CXX_LANGUAGE_STANDARD = "gnu++20";
				CLANG_ENABLE_MODULES = YES;
				CLANG_ENABLE_OBJC_ARC = YES;
				CLANG_ENABLE_OBJC_WEAK = YES;
				CLANG_WARN_BLOCK_CAPTURE_AUTORELEASING = YES;
				CLANG_WARN_BOOL_CONVERSION = YES;
				CLANG_WARN_COMMA = YES;
				CLANG_WARN_CONSTANT_CONVERSION = YES;
				CLANG_WARN_DEPRECATED_OBJC_IMPLEMENTATIONS = YES;
				CLANG_WARN_DIRECT_OBJC_ISA_USAGE = YES_ERROR;
				CLANG_WARN_DOCUMENTATION_COMMENTS = YES;
				CLANG_WARN_EMPTY_BODY = YES;
				CLANG_WARN_ENUM_CONVERSION = YES;
				CLANG_WARN_INFINITE_RECURSION = YES;
				CLANG_WARN_INT_CONVERSION = YES;
				CLANG_WARN_NON_LITERAL_NULL_CONVERSION = YES;
				CLANG_WARN_OBJC_IMPLICIT_RETAIN_SELF = YES;
				CLANG_WARN_OBJC_LITERAL_CONVERSION = YES;
				CLANG_WARN_OBJC_ROOT_CLASS = YES_ERROR;
				CLANG_WARN_QUOTED_INCLUDE_IN_FRAMEWORK_HEADER = YES;
				CLANG_WARN_RANGE_LOOP_ANALYSIS = YES;
				CLANG_WARN_STRICT_PROTOTYPES = YES;
				CLANG_WARN_SUSPICIOUS_MOVE = YES;
				CLANG_WARN_UNGUARDED_AVAILABILITY = YES_AGGRESSIVE;
				CLANG_WARN_UNREACHABLE_CODE = YES;
				CLANG_WARN__DUPLICATE_METHOD_MATCH = YES;
				COPY_PHASE_STRIP = NO;
				DEBUG_INFORMATION_FORMAT = "dwarf-with-dsym";
				ENABLE_NS_ASSERTIONS = NO;
				ENABLE_STRICT_OBJC_MSGSEND = YES;
				ENABLE_USER_SCRIPT_SANDBOXING = YES;
				GCC_C_LANGUAGE_STANDARD = gnu17;
				GCC_NO_COMMON_BLOCKS = YES;
				GCC_WARN_64_TO_32_BIT_CONVERSION = YES;
				GCC_WARN_ABOUT_RETURN_TYPE = YES_ERROR;
				GCC_WARN_UNDECLARED_SELECTOR = YES;
				GCC_WARN_UNINITIALIZED_AUTOS = YES_AGGRESSIVE;
				GCC_WARN_UNUSED_FUNCTION = YES;
				GCC_WARN_UNUSED_VARIABLE = YES;
				IPHONEOS_DEPLOYMENT_TARGET = 17.5;
				LOCALIZATION_PREFERS_STRING_CATALOGS = YES;
				MTL_ENABLE_DEBUG_INFO = NO;
				MTL_FAST_MATH = YES;
				SDKROOT = iphoneos;
				SWIFT_COMPILATION_MODE = wholemodule;
				VALIDATE_PRODUCT = YES;
			};
			name = Release;
		};
		E6B85F0A2D6C530E00B453BA /* Debug */ = {
			isa = XCBuildConfiguration;
			buildSettings = {
				ASSETCATALOG_COMPILER_APPICON_NAME = AppIcon;
				ASSETCATALOG_COMPILER_GLOBAL_ACCENT_COLOR_NAME = AccentColor;
				CODE_SIGN_STYLE = Automatic;
				CURRENT_PROJECT_VERSION = 1;
				DEVELOPMENT_TEAM = T77L9FD3JY;
				GENERATE_INFOPLIST_FILE = YES;
				INFOPLIST_FILE = TSUPassTracker/Info.plist;
				INFOPLIST_KEY_UIApplicationSupportsIndirectInputEvents = YES;
				INFOPLIST_KEY_UILaunchStoryboardName = LaunchScreen;
				INFOPLIST_KEY_UIStatusBarStyle = "";
				INFOPLIST_KEY_UISupportedInterfaceOrientations = UIInterfaceOrientationPortrait;
				INFOPLIST_KEY_UISupportedInterfaceOrientations_iPad = "UIInterfaceOrientationLandscapeLeft UIInterfaceOrientationLandscapeRight UIInterfaceOrientationPortrait UIInterfaceOrientationPortraitUpsideDown";
				LD_RUNPATH_SEARCH_PATHS = (
					"$(inherited)",
					"@executable_path/Frameworks",
				);
				MARKETING_VERSION = 1.0;
				PRODUCT_BUNDLE_IDENTIFIER = ru.icodelessons.TSUPassTracker;
				PRODUCT_NAME = "$(TARGET_NAME)";
				SWIFT_EMIT_LOC_STRINGS = YES;
				SWIFT_VERSION = 5.0;
				TARGETED_DEVICE_FAMILY = "1,2";
			};
			name = Debug;
		};
		E6B85F0B2D6C530E00B453BA /* Release */ = {
			isa = XCBuildConfiguration;
			buildSettings = {
				ASSETCATALOG_COMPILER_APPICON_NAME = AppIcon;
				ASSETCATALOG_COMPILER_GLOBAL_ACCENT_COLOR_NAME = AccentColor;
				CODE_SIGN_STYLE = Automatic;
				CURRENT_PROJECT_VERSION = 1;
				DEVELOPMENT_TEAM = T77L9FD3JY;
				GENERATE_INFOPLIST_FILE = YES;
				INFOPLIST_FILE = TSUPassTracker/Info.plist;
				INFOPLIST_KEY_UIApplicationSupportsIndirectInputEvents = YES;
				INFOPLIST_KEY_UILaunchStoryboardName = LaunchScreen;
				INFOPLIST_KEY_UIStatusBarStyle = "";
				INFOPLIST_KEY_UISupportedInterfaceOrientations = UIInterfaceOrientationPortrait;
				INFOPLIST_KEY_UISupportedInterfaceOrientations_iPad = "UIInterfaceOrientationLandscapeLeft UIInterfaceOrientationLandscapeRight UIInterfaceOrientationPortrait UIInterfaceOrientationPortraitUpsideDown";
				LD_RUNPATH_SEARCH_PATHS = (
					"$(inherited)",
					"@executable_path/Frameworks",
				);
				MARKETING_VERSION = 1.0;
				PRODUCT_BUNDLE_IDENTIFIER = ru.icodelessons.TSUPassTracker;
				PRODUCT_NAME = "$(TARGET_NAME)";
				SWIFT_EMIT_LOC_STRINGS = YES;
				SWIFT_VERSION = 5.0;
				TARGETED_DEVICE_FAMILY = "1,2";
			};
			name = Release;
		};
/* End XCBuildConfiguration section */

/* Begin XCConfigurationList section */
		E6B85EF02D6C530C00B453BA /* Build configuration list for PBXProject "TSUPassTracker" */ = {
			isa = XCConfigurationList;
			buildConfigurations = (
				E6B85F072D6C530E00B453BA /* Debug */,
				E6B85F082D6C530E00B453BA /* Release */,
			);
			defaultConfigurationIsVisible = 0;
			defaultConfigurationName = Release;
		};
		E6B85F092D6C530E00B453BA /* Build configuration list for PBXNativeTarget "TSUPassTracker" */ = {
			isa = XCConfigurationList;
			buildConfigurations = (
				E6B85F0A2D6C530E00B453BA /* Debug */,
				E6B85F0B2D6C530E00B453BA /* Release */,
			);
			defaultConfigurationIsVisible = 0;
			defaultConfigurationName = Release;
		};
/* End XCConfigurationList section */

/* Begin XCRemoteSwiftPackageReference section */
		E6B85F0C2D6C5D2B00B453BA /* XCRemoteSwiftPackageReference "SnapKit" */ = {
			isa = XCRemoteSwiftPackageReference;
			repositoryURL = "https://github.com/SnapKit/SnapKit";
			requirement = {
				kind = upToNextMajorVersion;
				minimumVersion = 5.7.1;
			};
		};
/* End XCRemoteSwiftPackageReference section */

/* Begin XCSwiftPackageProductDependency section */
		E6B85F0D2D6C5D2B00B453BA /* SnapKit */ = {
			isa = XCSwiftPackageProductDependency;
			package = E6B85F0C2D6C5D2B00B453BA /* XCRemoteSwiftPackageReference "SnapKit" */;
			productName = SnapKit;
		};
/* End XCSwiftPackageProductDependency section */
	};
	rootObject = E6B85EED2D6C530C00B453BA /* Project object */;
}
